
Microsoft Visual Studio Solution File, Format Version 12.00
# Visual Studio Version 17
VisualStudioVersion = 17.10.35013.160
MinimumVisualStudioVersion = 10.0.40219.1
Project("{FAE04EC0-301F-11D3-BF4B-00C04F79EFBC}") = "CarPark.API", "CarPark.API\CarPark.API.csproj", "{122FBFEF-2A99-4AEF-8D62-FBB44917B01F}"
EndProject
Project("{FAE04EC0-301F-11D3-BF4B-00C04F79EFBC}") = "CarPark.Users", "CarPark.Users\CarPark.Users.csproj", "{397A7FC1-1787-4CF3-8B82-7CC30276A77E}"
EndProject
Global
	GlobalSection(SolutionConfigurationPlatforms) = preSolution
		Debug|Any CPU = Debug|Any CPU
		Release|Any CPU = Release|Any CPU
	EndGlobalSection
	GlobalSection(ProjectConfigurationPlatforms) = postSolution
		{122FBFEF-2A99-4AEF-8D62-FBB44917B01F}.Debug|Any CPU.ActiveCfg = Debug|Any CPU
		{122FBFEF-2A99-4AEF-8D62-FBB44917B01F}.Debug|Any CPU.Build.0 = Debug|Any CPU
		{122FBFEF-2A99-4AEF-8D62-FBB44917B01F}.Release|Any CPU.ActiveCfg = Release|Any CPU
		{122FBFEF-2A99-4AEF-8D62-FBB44917B01F}.Release|Any CPU.Build.0 = Release|Any CPU
		{397A7FC1-1787-4CF3-8B82-7CC30276A77E}.Debug|Any CPU.ActiveCfg = Debug|Any CPU
		{397A7FC1-1787-4CF3-8B82-7CC30276A77E}.Debug|Any CPU.Build.0 = Debug|Any CPU
		{397A7FC1-1787-4CF3-8B82-7CC30276A77E}.Release|Any CPU.ActiveCfg = Release|Any CPU
		{397A7FC1-1787-4CF3-8B82-7CC30276A77E}.Release|Any CPU.Build.0 = Release|Any CPU
	EndGlobalSection
	GlobalSection(SolutionProperties) = preSolution
		HideSolutionNode = FALSE
	EndGlobalSection
	GlobalSection(ExtensibilityGlobals) = postSolution
		SolutionGuid = {935599AC-1A42-4F2B-BAF0-E8B7E4589E9B}
	EndGlobalSection
EndGlobal
